
Microsoft Visual Studio Solution File, Format Version 12.00
# Visual Studio Version 17
VisualStudioVersion = 17.2.32519.379
MinimumVisualStudioVersion = 10.0.40219.1
Project("{FAE04EC0-301F-11D3-BF4B-00C04F79EFBC}") = "code2022", "code2022\code2022.csproj", "{2DFD3F35-C0BA-4913-80F6-7399023427BA}"
EndProject
Global
	GlobalSection(SolutionConfigurationPlatforms) = preSolution
		Debug|Any CPU = Debug|Any CPU
		Release|Any CPU = Release|Any CPU
	EndGlobalSection
	GlobalSection(ProjectConfigurationPlatforms) = postSolution
		{2DFD3F35-C0BA-4913-80F6-7399023427BA}.Debug|Any CPU.ActiveCfg = Debug|Any CPU
		{2DFD3F35-C0BA-4913-80F6-7399023427BA}.Debug|Any CPU.Build.0 = Debug|Any CPU
		{2DFD3F35-C0BA-4913-80F6-7399023427BA}.Release|Any CPU.ActiveCfg = Release|Any CPU
		{2DFD3F35-C0BA-4913-80F6-7399023427BA}.Release|Any CPU.Build.0 = Release|Any CPU
	EndGlobalSection
	GlobalSection(SolutionProperties) = preSolution
		HideSolutionNode = FALSE
	EndGlobalSection
	GlobalSection(ExtensibilityGlobals) = postSolution
		SolutionGuid = {62DE16D9-2FAA-42B6-809C-03D43BCC5F44}
	EndGlobalSection
EndGlobal
